
Microsoft Visual Studio Solution File, Format Version 12.00
# Visual Studio 14
VisualStudioVersion = 14.0.25123.0
MinimumVisualStudioVersion = 10.0.40219.1
Project("{FAE04EC0-301F-11D3-BF4B-00C04F79EFBC}") = "WeekOfCode26", "WeekOfCode26\WeekOfCode26.csproj", "{2DD1EBCC-EB45-4E00-AB45-13B3DE31A077}"
EndProject
Project("{FAE04EC0-301F-11D3-BF4B-00C04F79EFBC}") = "WeekOfCode28", "WeekOfCode28\WeekOfCode28.csproj", "{27D3137B-21EA-4A69-BC49-FDF88036B2F6}"
EndProject
Project("{FAE04EC0-301F-11D3-BF4B-00C04F79EFBC}") = "WeekOfCode29", "WeekOfCode29\WeekOfCode29.csproj", "{C9E11346-1F3B-4F0A-88DE-87BB94863016}"
EndProject
Global
	GlobalSection(SolutionConfigurationPlatforms) = preSolution
		Debug|Any CPU = Debug|Any CPU
		Release|Any CPU = Release|Any CPU
	EndGlobalSection
	GlobalSection(ProjectConfigurationPlatforms) = postSolution
		{2DD1EBCC-EB45-4E00-AB45-13B3DE31A077}.Debug|Any CPU.ActiveCfg = Debug|Any CPU
		{2DD1EBCC-EB45-4E00-AB45-13B3DE31A077}.Debug|Any CPU.Build.0 = Debug|Any CPU
		{2DD1EBCC-EB45-4E00-AB45-13B3DE31A077}.Release|Any CPU.ActiveCfg = Release|Any CPU
		{2DD1EBCC-EB45-4E00-AB45-13B3DE31A077}.Release|Any CPU.Build.0 = Release|Any CPU
		{27D3137B-21EA-4A69-BC49-FDF88036B2F6}.Debug|Any CPU.ActiveCfg = Debug|Any CPU
		{27D3137B-21EA-4A69-BC49-FDF88036B2F6}.Debug|Any CPU.Build.0 = Debug|Any CPU
		{27D3137B-21EA-4A69-BC49-FDF88036B2F6}.Release|Any CPU.ActiveCfg = Release|Any CPU
		{27D3137B-21EA-4A69-BC49-FDF88036B2F6}.Release|Any CPU.Build.0 = Release|Any CPU
		{C9E11346-1F3B-4F0A-88DE-87BB94863016}.Debug|Any CPU.ActiveCfg = Debug|Any CPU
		{C9E11346-1F3B-4F0A-88DE-87BB94863016}.Debug|Any CPU.Build.0 = Debug|Any CPU
		{C9E11346-1F3B-4F0A-88DE-87BB94863016}.Release|Any CPU.ActiveCfg = Release|Any CPU
		{C9E11346-1F3B-4F0A-88DE-87BB94863016}.Release|Any CPU.Build.0 = Release|Any CPU
	EndGlobalSection
	GlobalSection(SolutionProperties) = preSolution
		HideSolutionNode = FALSE
	EndGlobalSection
EndGlobal
