
Microsoft Visual Studio Solution File, Format Version 12.00
# Visual Studio 14
VisualStudioVersion = 14.0.24720.0
MinimumVisualStudioVersion = 10.0.40219.1
Project("{8BC9CEB8-8B4A-11D0-8D11-00A0C91BC942}") = "Trees", "Trees\Trees.vcxproj", "{51699C72-A76D-4158-A28A-02608AF2F651}"
EndProject
Project("{FAE04EC0-301F-11D3-BF4B-00C04F79EFBC}") = "TreesCS", "TreesCS\TreesCS.csproj", "{FAE963A7-B4DF-46FA-BFD7-CB3274026FB4}"
EndProject
Project("{8BC9CEB8-8B4A-11D0-8D11-00A0C91BC942}") = "Lists", "Lists\Lists.vcxproj", "{50AC34DE-8705-467E-A995-48F60AD26B78}"
EndProject
Project("{FAE04EC0-301F-11D3-BF4B-00C04F79EFBC}") = "GraphCS", "GraphCS\GraphCS.csproj", "{D8751D9D-F000-47E9-A05E-EE8911E20663}"
EndProject
Project("{FAE04EC0-301F-11D3-BF4B-00C04F79EFBC}") = "StringsCS", "StringsCS\StringsCS.csproj", "{83BABB81-B89E-4555-B942-664D82333774}"
EndProject
Project("{2150E333-8FDC-42A3-9474-1A3956D46DE8}") = "Mathematics", "Mathematics", "{05189674-CC7E-4A90-9342-EA7D10C28F41}"
EndProject
Project("{FAE04EC0-301F-11D3-BF4B-00C04F79EFBC}") = "Fundamentals", "Mathematics\Fundamentals\Fundamentals.csproj", "{60BE8D2F-D478-4580-9D09-AF391AF76CE6}"
EndProject
Project("{FAE04EC0-301F-11D3-BF4B-00C04F79EFBC}") = "Statistics", "Statistics\Statistics.csproj", "{390F38B5-E485-46B2-9153-24A66E25AE1D}"
EndProject
Project("{FAE04EC0-301F-11D3-BF4B-00C04F79EFBC}") = "MachineLearning", "MachineLearning\MachineLearning.csproj", "{09045254-4706-424B-B8CA-B8AF78518D35}"
EndProject
Project("{FAE04EC0-301F-11D3-BF4B-00C04F79EFBC}") = "Implementation", "Implementation\Implementation.csproj", "{57A99F35-FAA5-4648-975D-97BE36560A89}"
EndProject
Project("{FAE04EC0-301F-11D3-BF4B-00C04F79EFBC}") = "Geometry", "Geometry\Geometry.csproj", "{5CCC7DCC-C315-454E-8C8A-234CA38323FD}"
EndProject
Global
	GlobalSection(SolutionConfigurationPlatforms) = preSolution
		Debug|Any CPU = Debug|Any CPU
		Debug|Mixed Platforms = Debug|Mixed Platforms
		Debug|Win32 = Debug|Win32
		Release|Any CPU = Release|Any CPU
		Release|Mixed Platforms = Release|Mixed Platforms
		Release|Win32 = Release|Win32
	EndGlobalSection
	GlobalSection(ProjectConfigurationPlatforms) = postSolution
		{51699C72-A76D-4158-A28A-02608AF2F651}.Debug|Any CPU.ActiveCfg = Debug|Win32
		{51699C72-A76D-4158-A28A-02608AF2F651}.Debug|Mixed Platforms.ActiveCfg = Debug|Win32
		{51699C72-A76D-4158-A28A-02608AF2F651}.Debug|Mixed Platforms.Build.0 = Debug|Win32
		{51699C72-A76D-4158-A28A-02608AF2F651}.Debug|Win32.ActiveCfg = Debug|Win32
		{51699C72-A76D-4158-A28A-02608AF2F651}.Debug|Win32.Build.0 = Debug|Win32
		{51699C72-A76D-4158-A28A-02608AF2F651}.Release|Any CPU.ActiveCfg = Release|Win32
		{51699C72-A76D-4158-A28A-02608AF2F651}.Release|Mixed Platforms.ActiveCfg = Release|Win32
		{51699C72-A76D-4158-A28A-02608AF2F651}.Release|Mixed Platforms.Build.0 = Release|Win32
		{51699C72-A76D-4158-A28A-02608AF2F651}.Release|Win32.ActiveCfg = Release|Win32
		{51699C72-A76D-4158-A28A-02608AF2F651}.Release|Win32.Build.0 = Release|Win32
		{FAE963A7-B4DF-46FA-BFD7-CB3274026FB4}.Debug|Any CPU.ActiveCfg = Debug|Any CPU
		{FAE963A7-B4DF-46FA-BFD7-CB3274026FB4}.Debug|Any CPU.Build.0 = Debug|Any CPU
		{FAE963A7-B4DF-46FA-BFD7-CB3274026FB4}.Debug|Mixed Platforms.ActiveCfg = Debug|Any CPU
		{FAE963A7-B4DF-46FA-BFD7-CB3274026FB4}.Debug|Mixed Platforms.Build.0 = Debug|Any CPU
		{FAE963A7-B4DF-46FA-BFD7-CB3274026FB4}.Debug|Win32.ActiveCfg = Debug|Any CPU
		{FAE963A7-B4DF-46FA-BFD7-CB3274026FB4}.Release|Any CPU.ActiveCfg = Release|Any CPU
		{FAE963A7-B4DF-46FA-BFD7-CB3274026FB4}.Release|Any CPU.Build.0 = Release|Any CPU
		{FAE963A7-B4DF-46FA-BFD7-CB3274026FB4}.Release|Mixed Platforms.ActiveCfg = Release|Any CPU
		{FAE963A7-B4DF-46FA-BFD7-CB3274026FB4}.Release|Mixed Platforms.Build.0 = Release|Any CPU
		{FAE963A7-B4DF-46FA-BFD7-CB3274026FB4}.Release|Win32.ActiveCfg = Release|Any CPU
		{50AC34DE-8705-467E-A995-48F60AD26B78}.Debug|Any CPU.ActiveCfg = Debug|Win32
		{50AC34DE-8705-467E-A995-48F60AD26B78}.Debug|Mixed Platforms.ActiveCfg = Debug|Win32
		{50AC34DE-8705-467E-A995-48F60AD26B78}.Debug|Mixed Platforms.Build.0 = Debug|Win32
		{50AC34DE-8705-467E-A995-48F60AD26B78}.Debug|Win32.ActiveCfg = Debug|Win32
		{50AC34DE-8705-467E-A995-48F60AD26B78}.Debug|Win32.Build.0 = Debug|Win32
		{50AC34DE-8705-467E-A995-48F60AD26B78}.Release|Any CPU.ActiveCfg = Release|Win32
		{50AC34DE-8705-467E-A995-48F60AD26B78}.Release|Mixed Platforms.ActiveCfg = Release|Win32
		{50AC34DE-8705-467E-A995-48F60AD26B78}.Release|Mixed Platforms.Build.0 = Release|Win32
		{50AC34DE-8705-467E-A995-48F60AD26B78}.Release|Win32.ActiveCfg = Release|Win32
		{50AC34DE-8705-467E-A995-48F60AD26B78}.Release|Win32.Build.0 = Release|Win32
		{D8751D9D-F000-47E9-A05E-EE8911E20663}.Debug|Any CPU.ActiveCfg = Debug|Any CPU
		{D8751D9D-F000-47E9-A05E-EE8911E20663}.Debug|Any CPU.Build.0 = Debug|Any CPU
		{D8751D9D-F000-47E9-A05E-EE8911E20663}.Debug|Mixed Platforms.ActiveCfg = Debug|Any CPU
		{D8751D9D-F000-47E9-A05E-EE8911E20663}.Debug|Mixed Platforms.Build.0 = Debug|Any CPU
		{D8751D9D-F000-47E9-A05E-EE8911E20663}.Debug|Win32.ActiveCfg = Debug|Any CPU
		{D8751D9D-F000-47E9-A05E-EE8911E20663}.Release|Any CPU.ActiveCfg = Release|Any CPU
		{D8751D9D-F000-47E9-A05E-EE8911E20663}.Release|Any CPU.Build.0 = Release|Any CPU
		{D8751D9D-F000-47E9-A05E-EE8911E20663}.Release|Mixed Platforms.ActiveCfg = Release|Any CPU
		{D8751D9D-F000-47E9-A05E-EE8911E20663}.Release|Mixed Platforms.Build.0 = Release|Any CPU
		{D8751D9D-F000-47E9-A05E-EE8911E20663}.Release|Win32.ActiveCfg = Release|Any CPU
		{83BABB81-B89E-4555-B942-664D82333774}.Debug|Any CPU.ActiveCfg = Debug|Any CPU
		{83BABB81-B89E-4555-B942-664D82333774}.Debug|Any CPU.Build.0 = Debug|Any CPU
		{83BABB81-B89E-4555-B942-664D82333774}.Debug|Mixed Platforms.ActiveCfg = Debug|Any CPU
		{83BABB81-B89E-4555-B942-664D82333774}.Debug|Mixed Platforms.Build.0 = Debug|Any CPU
		{83BABB81-B89E-4555-B942-664D82333774}.Debug|Win32.ActiveCfg = Debug|Any CPU
		{83BABB81-B89E-4555-B942-664D82333774}.Release|Any CPU.ActiveCfg = Release|Any CPU
		{83BABB81-B89E-4555-B942-664D82333774}.Release|Any CPU.Build.0 = Release|Any CPU
		{83BABB81-B89E-4555-B942-664D82333774}.Release|Mixed Platforms.ActiveCfg = Release|Any CPU
		{83BABB81-B89E-4555-B942-664D82333774}.Release|Mixed Platforms.Build.0 = Release|Any CPU
		{83BABB81-B89E-4555-B942-664D82333774}.Release|Win32.ActiveCfg = Release|Any CPU
		{60BE8D2F-D478-4580-9D09-AF391AF76CE6}.Debug|Any CPU.ActiveCfg = Debug|Any CPU
		{60BE8D2F-D478-4580-9D09-AF391AF76CE6}.Debug|Any CPU.Build.0 = Debug|Any CPU
		{60BE8D2F-D478-4580-9D09-AF391AF76CE6}.Debug|Mixed Platforms.ActiveCfg = Debug|Any CPU
		{60BE8D2F-D478-4580-9D09-AF391AF76CE6}.Debug|Mixed Platforms.Build.0 = Debug|Any CPU
		{60BE8D2F-D478-4580-9D09-AF391AF76CE6}.Debug|Win32.ActiveCfg = Debug|Any CPU
		{60BE8D2F-D478-4580-9D09-AF391AF76CE6}.Release|Any CPU.ActiveCfg = Release|Any CPU
		{60BE8D2F-D478-4580-9D09-AF391AF76CE6}.Release|Any CPU.Build.0 = Release|Any CPU
		{60BE8D2F-D478-4580-9D09-AF391AF76CE6}.Release|Mixed Platforms.ActiveCfg = Release|Any CPU
		{60BE8D2F-D478-4580-9D09-AF391AF76CE6}.Release|Mixed Platforms.Build.0 = Release|Any CPU
		{60BE8D2F-D478-4580-9D09-AF391AF76CE6}.Release|Win32.ActiveCfg = Release|Any CPU
		{390F38B5-E485-46B2-9153-24A66E25AE1D}.Debug|Any CPU.ActiveCfg = Debug|Any CPU
		{390F38B5-E485-46B2-9153-24A66E25AE1D}.Debug|Any CPU.Build.0 = Debug|Any CPU
		{390F38B5-E485-46B2-9153-24A66E25AE1D}.Debug|Mixed Platforms.ActiveCfg = Debug|Any CPU
		{390F38B5-E485-46B2-9153-24A66E25AE1D}.Debug|Mixed Platforms.Build.0 = Debug|Any CPU
		{390F38B5-E485-46B2-9153-24A66E25AE1D}.Debug|Win32.ActiveCfg = Debug|Any CPU
		{390F38B5-E485-46B2-9153-24A66E25AE1D}.Release|Any CPU.ActiveCfg = Release|Any CPU
		{390F38B5-E485-46B2-9153-24A66E25AE1D}.Release|Any CPU.Build.0 = Release|Any CPU
		{390F38B5-E485-46B2-9153-24A66E25AE1D}.Release|Mixed Platforms.ActiveCfg = Release|Any CPU
		{390F38B5-E485-46B2-9153-24A66E25AE1D}.Release|Mixed Platforms.Build.0 = Release|Any CPU
		{390F38B5-E485-46B2-9153-24A66E25AE1D}.Release|Win32.ActiveCfg = Release|Any CPU
		{09045254-4706-424B-B8CA-B8AF78518D35}.Debug|Any CPU.ActiveCfg = Debug|Any CPU
		{09045254-4706-424B-B8CA-B8AF78518D35}.Debug|Any CPU.Build.0 = Debug|Any CPU
		{09045254-4706-424B-B8CA-B8AF78518D35}.Debug|Mixed Platforms.ActiveCfg = Debug|Any CPU
		{09045254-4706-424B-B8CA-B8AF78518D35}.Debug|Mixed Platforms.Build.0 = Debug|Any CPU
		{09045254-4706-424B-B8CA-B8AF78518D35}.Debug|Win32.ActiveCfg = Debug|Any CPU
		{09045254-4706-424B-B8CA-B8AF78518D35}.Release|Any CPU.ActiveCfg = Release|Any CPU
		{09045254-4706-424B-B8CA-B8AF78518D35}.Release|Any CPU.Build.0 = Release|Any CPU
		{09045254-4706-424B-B8CA-B8AF78518D35}.Release|Mixed Platforms.ActiveCfg = Release|Any CPU
		{09045254-4706-424B-B8CA-B8AF78518D35}.Release|Mixed Platforms.Build.0 = Release|Any CPU
		{09045254-4706-424B-B8CA-B8AF78518D35}.Release|Win32.ActiveCfg = Release|Any CPU
		{57A99F35-FAA5-4648-975D-97BE36560A89}.Debug|Any CPU.ActiveCfg = Debug|Any CPU
		{57A99F35-FAA5-4648-975D-97BE36560A89}.Debug|Any CPU.Build.0 = Debug|Any CPU
		{57A99F35-FAA5-4648-975D-97BE36560A89}.Debug|Mixed Platforms.ActiveCfg = Debug|Any CPU
		{57A99F35-FAA5-4648-975D-97BE36560A89}.Debug|Mixed Platforms.Build.0 = Debug|Any CPU
		{57A99F35-FAA5-4648-975D-97BE36560A89}.Debug|Win32.ActiveCfg = Debug|Any CPU
		{57A99F35-FAA5-4648-975D-97BE36560A89}.Debug|Win32.Build.0 = Debug|Any CPU
		{57A99F35-FAA5-4648-975D-97BE36560A89}.Release|Any CPU.ActiveCfg = Release|Any CPU
		{57A99F35-FAA5-4648-975D-97BE36560A89}.Release|Any CPU.Build.0 = Release|Any CPU
		{57A99F35-FAA5-4648-975D-97BE36560A89}.Release|Mixed Platforms.ActiveCfg = Release|Any CPU
		{57A99F35-FAA5-4648-975D-97BE36560A89}.Release|Mixed Platforms.Build.0 = Release|Any CPU
		{57A99F35-FAA5-4648-975D-97BE36560A89}.Release|Win32.ActiveCfg = Release|Any CPU
		{57A99F35-FAA5-4648-975D-97BE36560A89}.Release|Win32.Build.0 = Release|Any CPU
		{5CCC7DCC-C315-454E-8C8A-234CA38323FD}.Debug|Any CPU.ActiveCfg = Debug|Any CPU
		{5CCC7DCC-C315-454E-8C8A-234CA38323FD}.Debug|Any CPU.Build.0 = Debug|Any CPU
		{5CCC7DCC-C315-454E-8C8A-234CA38323FD}.Debug|Mixed Platforms.ActiveCfg = Debug|Any CPU
		{5CCC7DCC-C315-454E-8C8A-234CA38323FD}.Debug|Mixed Platforms.Build.0 = Debug|Any CPU
		{5CCC7DCC-C315-454E-8C8A-234CA38323FD}.Debug|Win32.ActiveCfg = Debug|Any CPU
		{5CCC7DCC-C315-454E-8C8A-234CA38323FD}.Debug|Win32.Build.0 = Debug|Any CPU
		{5CCC7DCC-C315-454E-8C8A-234CA38323FD}.Release|Any CPU.ActiveCfg = Release|Any CPU
		{5CCC7DCC-C315-454E-8C8A-234CA38323FD}.Release|Any CPU.Build.0 = Release|Any CPU
		{5CCC7DCC-C315-454E-8C8A-234CA38323FD}.Release|Mixed Platforms.ActiveCfg = Release|Any CPU
		{5CCC7DCC-C315-454E-8C8A-234CA38323FD}.Release|Mixed Platforms.Build.0 = Release|Any CPU
		{5CCC7DCC-C315-454E-8C8A-234CA38323FD}.Release|Win32.ActiveCfg = Release|Any CPU
		{5CCC7DCC-C315-454E-8C8A-234CA38323FD}.Release|Win32.Build.0 = Release|Any CPU
	EndGlobalSection
	GlobalSection(SolutionProperties) = preSolution
		HideSolutionNode = FALSE
	EndGlobalSection
	GlobalSection(NestedProjects) = preSolution
		{60BE8D2F-D478-4580-9D09-AF391AF76CE6} = {05189674-CC7E-4A90-9342-EA7D10C28F41}
		{5CCC7DCC-C315-454E-8C8A-234CA38323FD} = {05189674-CC7E-4A90-9342-EA7D10C28F41}
	EndGlobalSection
EndGlobal
